// !$*UTF8*$!
{
	archiveVersion = 1;
	classes = {
	};
	objectVersion = 56;
	objects = {

/* Begin PBXBuildFile section */
		EA2BC0BA2A1299D6001F7052 /* EarthquakeView.swift in Sources */ = {isa = PBXBuildFile; fileRef = EA2BC0B92A1299D6001F7052 /* EarthquakeView.swift */; };
		EA41BBA72A13E46100F5BB61 /* DetailMap.swift in Sources */ = {isa = PBXBuildFile; fileRef = EA41BBA62A13E46100F5BB61 /* DetailMap.swift */; };
		EAA3DA112A13B2DA00C44695 /* ComponentView.swift in Sources */ = {isa = PBXBuildFile; fileRef = EAA3DA102A13B2DA00C44695 /* ComponentView.swift */; };
		EABF9D472A120EBB00F2CDA8 /* ISpecialiseringsopgaveMBKApp.swift in Sources */ = {isa = PBXBuildFile; fileRef = EABF9D462A120EBB00F2CDA8 /* ISpecialiseringsopgaveMBKApp.swift */; };
		EABF9D492A120EBB00F2CDA8 /* ContentView.swift in Sources */ = {isa = PBXBuildFile; fileRef = EABF9D482A120EBB00F2CDA8 /* ContentView.swift */; };
		EABF9D4B2A120EBC00F2CDA8 /* Assets.xcassets in Resources */ = {isa = PBXBuildFile; fileRef = EABF9D4A2A120EBC00F2CDA8 /* Assets.xcassets */; };
		EABF9D4E2A120EBC00F2CDA8 /* Preview Assets.xcassets in Resources */ = {isa = PBXBuildFile; fileRef = EABF9D4D2A120EBC00F2CDA8 /* Preview Assets.xcassets */; };
		EABF9D562A1217E900F2CDA8 /* Earthquakes.swift in Sources */ = {isa = PBXBuildFile; fileRef = EABF9D552A1217E900F2CDA8 /* Earthquakes.swift */; };
		EABF9D5B2A121B2500F2CDA8 /* NetworkService.swift in Sources */ = {isa = PBXBuildFile; fileRef = EABF9D5A2A121B2500F2CDA8 /* NetworkService.swift */; };
		EABF9D5D2A121B6300F2CDA8 /* StateController.swift in Sources */ = {isa = PBXBuildFile; fileRef = EABF9D5C2A121B6300F2CDA8 /* StateController.swift */; };
/* End PBXBuildFile section */

/* Begin PBXFileReference section */
		EA2BC0B92A1299D6001F7052 /* EarthquakeView.swift */ = {isa = PBXFileReference; lastKnownFileType = sourcecode.swift; path = EarthquakeView.swift; sourceTree = "<group>"; };
		EA41BBA62A13E46100F5BB61 /* DetailMap.swift */ = {isa = PBXFileReference; lastKnownFileType = sourcecode.swift; path = DetailMap.swift; sourceTree = "<group>"; };
		EAA3DA102A13B2DA00C44695 /* ComponentView.swift */ = {isa = PBXFileReference; lastKnownFileType = sourcecode.swift; path = ComponentView.swift; sourceTree = "<group>"; };
		EABF9D432A120EBB00F2CDA8 /* ISpecialiseringsopgaveMBK.app */ = {isa = PBXFileReference; explicitFileType = wrapper.application; includeInIndex = 0; path = ISpecialiseringsopgaveMBK.app; sourceTree = BUILT_PRODUCTS_DIR; };
		EABF9D462A120EBB00F2CDA8 /* ISpecialiseringsopgaveMBKApp.swift */ = {isa = PBXFileReference; lastKnownFileType = sourcecode.swift; path = ISpecialiseringsopgaveMBKApp.swift; sourceTree = "<group>"; };
		EABF9D482A120EBB00F2CDA8 /* ContentView.swift */ = {isa = PBXFileReference; lastKnownFileType = sourcecode.swift; path = ContentView.swift; sourceTree = "<group>"; };
		EABF9D4A2A120EBC00F2CDA8 /* Assets.xcassets */ = {isa = PBXFileReference; lastKnownFileType = folder.assetcatalog; path = Assets.xcassets; sourceTree = "<group>"; };
		EABF9D4D2A120EBC00F2CDA8 /* Preview Assets.xcassets */ = {isa = PBXFileReference; lastKnownFileType = folder.assetcatalog; path = "Preview Assets.xcassets"; sourceTree = "<group>"; };
		EABF9D552A1217E900F2CDA8 /* Earthquakes.swift */ = {isa = PBXFileReference; lastKnownFileType = sourcecode.swift; path = Earthquakes.swift; sourceTree = "<group>"; };
		EABF9D5A2A121B2500F2CDA8 /* NetworkService.swift */ = {isa = PBXFileReference; lastKnownFileType = sourcecode.swift; path = NetworkService.swift; sourceTree = "<group>"; };
		EABF9D5C2A121B6300F2CDA8 /* StateController.swift */ = {isa = PBXFileReference; lastKnownFileType = sourcecode.swift; path = StateController.swift; sourceTree = "<group>"; };
/* End PBXFileReference section */

/* Begin PBXFrameworksBuildPhase section */
		EABF9D402A120EBB00F2CDA8 /* Frameworks */ = {
			isa = PBXFrameworksBuildPhase;
			buildActionMask = 2147483647;
			files = (
			);
			runOnlyForDeploymentPostprocessing = 0;
		};
/* End PBXFrameworksBuildPhase section */

/* Begin PBXGroup section */
		EABF9D3A2A120EBB00F2CDA8 = {
			isa = PBXGroup;
			children = (
				EABF9D452A120EBB00F2CDA8 /* ISpecialiseringsopgaveMBK */,
				EABF9D442A120EBB00F2CDA8 /* Products */,
			);
			sourceTree = "<group>";
		};
		EABF9D442A120EBB00F2CDA8 /* Products */ = {
			isa = PBXGroup;
			children = (
				EABF9D432A120EBB00F2CDA8 /* ISpecialiseringsopgaveMBK.app */,
			);
			name = Products;
			sourceTree = "<group>";
		};
		EABF9D452A120EBB00F2CDA8 /* ISpecialiseringsopgaveMBK */ = {
			isa = PBXGroup;
			children = (
				EABF9D5A2A121B2500F2CDA8 /* NetworkService.swift */,
				EABF9D572A121A4700F2CDA8 /* Views */,
				EABF9D542A120F3C00F2CDA8 /* Model */,
				EABF9D462A120EBB00F2CDA8 /* ISpecialiseringsopgaveMBKApp.swift */,
				EABF9D4A2A120EBC00F2CDA8 /* Assets.xcassets */,
				EABF9D4C2A120EBC00F2CDA8 /* Preview Content */,
				EABF9D5C2A121B6300F2CDA8 /* StateController.swift */,
			);
			path = ISpecialiseringsopgaveMBK;
			sourceTree = "<group>";
		};
		EABF9D4C2A120EBC00F2CDA8 /* Preview Content */ = {
			isa = PBXGroup;
			children = (
				EABF9D4D2A120EBC00F2CDA8 /* Preview Assets.xcassets */,
			);
			path = "Preview Content";
			sourceTree = "<group>";
		};
		EABF9D542A120F3C00F2CDA8 /* Model */ = {
			isa = PBXGroup;
			children = (
				EABF9D552A1217E900F2CDA8 /* Earthquakes.swift */,
			);
			path = Model;
			sourceTree = "<group>";
		};
		EABF9D572A121A4700F2CDA8 /* Views */ = {
			isa = PBXGroup;
			children = (
				EABF9D482A120EBB00F2CDA8 /* ContentView.swift */,
				EA2BC0B92A1299D6001F7052 /* EarthquakeView.swift */,
				EAA3DA102A13B2DA00C44695 /* ComponentView.swift */,
				EA41BBA62A13E46100F5BB61 /* DetailMap.swift */,
			);
			path = Views;
			sourceTree = "<group>";
		};
/* End PBXGroup section */

/* Begin PBXNativeTarget section */
		EABF9D422A120EBB00F2CDA8 /* ISpecialiseringsopgaveMBK */ = {
			isa = PBXNativeTarget;
			buildConfigurationList = EABF9D512A120EBC00F2CDA8 /* Build configuration list for PBXNativeTarget "ISpecialiseringsopgaveMBK" */;
			buildPhases = (
				EABF9D3F2A120EBB00F2CDA8 /* Sources */,
				EABF9D402A120EBB00F2CDA8 /* Frameworks */,
				EABF9D412A120EBB00F2CDA8 /* Resources */,
			);
			buildRules = (
			);
			dependencies = (
			);
			name = ISpecialiseringsopgaveMBK;
			productName = ISpecialiseringsopgaveMBK;
			productReference = EABF9D432A120EBB00F2CDA8 /* ISpecialiseringsopgaveMBK.app */;
			productType = "com.apple.product-type.application";
		};
/* End PBXNativeTarget section */

/* Begin PBXProject section */
		EABF9D3B2A120EBB00F2CDA8 /* Project object */ = {
			isa = PBXProject;
			attributes = {
				BuildIndependentTargetsInParallel = 1;
				LastSwiftUpdateCheck = 1420;
				LastUpgradeCheck = 1420;
				TargetAttributes = {
					EABF9D422A120EBB00F2CDA8 = {
						CreatedOnToolsVersion = 14.2;
					};
				};
			};
			buildConfigurationList = EABF9D3E2A120EBB00F2CDA8 /* Build configuration list for PBXProject "ISpecialiseringsopgaveMBK" */;
			compatibilityVersion = "Xcode 14.0";
			developmentRegion = en;
			hasScannedForEncodings = 0;
			knownRegions = (
				en,
				Base,
			);
			mainGroup = EABF9D3A2A120EBB00F2CDA8;
			productRefGroup = EABF9D442A120EBB00F2CDA8 /* Products */;
			projectDirPath = "";
			projectRoot = "";
			targets = (
				EABF9D422A120EBB00F2CDA8 /* ISpecialiseringsopgaveMBK */,
			);
		};
/* End PBXProject section */

/* Begin PBXResourcesBuildPhase section */
		EABF9D412A120EBB00F2CDA8 /* Resources */ = {
			isa = PBXResourcesBuildPhase;
			buildActionMask = 2147483647;
			files = (
				EABF9D4E2A120EBC00F2CDA8 /* Preview Assets.xcassets in Resources */,
				EABF9D4B2A120EBC00F2CDA8 /* Assets.xcassets in Resources */,
			);
			runOnlyForDeploymentPostprocessing = 0;
		};
/* End PBXResourcesBuildPhase section */

/* Begin PBXSourcesBuildPhase section */
		EABF9D3F2A120EBB00F2CDA8 /* Sources */ = {
			isa = PBXSourcesBuildPhase;
			buildActionMask = 2147483647;
			files = (
				EABF9D5B2A121B2500F2CDA8 /* NetworkService.swift in Sources */,
				EABF9D5D2A121B6300F2CDA8 /* StateController.swift in Sources */,
				EABF9D492A120EBB00F2CDA8 /* ContentView.swift in Sources */,
				EA41BBA72A13E46100F5BB61 /* DetailMap.swift in Sources */,
				EAA3DA112A13B2DA00C44695 /* ComponentView.swift in Sources */,
				EA2BC0BA2A1299D6001F7052 /* EarthquakeView.swift in Sources */,
				EABF9D472A120EBB00F2CDA8 /* ISpecialiseringsopgaveMBKApp.swift in Sources */,
				EABF9D562A1217E900F2CDA8 /* Earthquakes.swift in Sources */,
			);
			runOnlyForDeploymentPostprocessing = 0;
		};
/* End PBXSourcesBuildPhase section */

/* Begin XCBuildConfiguration section */
		EABF9D4F2A120EBC00F2CDA8 /* Debug */ = {
			isa = XCBuildConfiguration;
			buildSettings = {
				ALWAYS_SEARCH_USER_PATHS = NO;
				CLANG_ANALYZER_NONNULL = YES;
				CLANG_ANALYZER_NUMBER_OBJECT_CONVERSION = YES_AGGRESSIVE;
				CLANG_CXX_LANGUAGE_STANDARD = "gnu++20";
				CLANG_ENABLE_MODULES = YES;
				CLANG_ENABLE_OBJC_ARC = YES;
				CLANG_ENABLE_OBJC_WEAK = YES;
				CLANG_WARN_BLOCK_CAPTURE_AUTORELEASING = YES;
				CLANG_WARN_BOOL_CONVERSION = YES;
				CLANG_WARN_COMMA = YES;
				CLANG_WARN_CONSTANT_CONVERSION = YES;
				CLANG_WARN_DEPRECATED_OBJC_IMPLEMENTATIONS = YES;
				CLANG_WARN_DIRECT_OBJC_ISA_USAGE = YES_ERROR;
				CLANG_WARN_DOCUMENTATION_COMMENTS = YES;
				CLANG_WARN_EMPTY_BODY = YES;
				CLANG_WARN_ENUM_CONVERSION = YES;
				CLANG_WARN_INFINITE_RECURSION = YES;
				CLANG_WARN_INT_CONVERSION = YES;
				CLANG_WARN_NON_LITERAL_NULL_CONVERSION = YES;
				CLANG_WARN_OBJC_IMPLICIT_RETAIN_SELF = YES;
				CLANG_WARN_OBJC_LITERAL_CONVERSION = YES;
				CLANG_WARN_OBJC_ROOT_CLASS = YES_ERROR;
				CLANG_WARN_QUOTED_INCLUDE_IN_FRAMEWORK_HEADER = YES;
				CLANG_WARN_RANGE_LOOP_ANALYSIS = YES;
				CLANG_WARN_STRICT_PROTOTYPES = YES;
				CLANG_WARN_SUSPICIOUS_MOVE = YES;
				CLANG_WARN_UNGUARDED_AVAILABILITY = YES_AGGRESSIVE;
				CLANG_WARN_UNREACHABLE_CODE = YES;
				CLANG_WARN__DUPLICATE_METHOD_MATCH = YES;
				COPY_PHASE_STRIP = NO;
				DEBUG_INFORMATION_FORMAT = dwarf;
				ENABLE_STRICT_OBJC_MSGSEND = YES;
				ENABLE_TESTABILITY = YES;
				GCC_C_LANGUAGE_STANDARD = gnu11;
				GCC_DYNAMIC_NO_PIC = NO;
				GCC_NO_COMMON_BLOCKS = YES;
				GCC_OPTIMIZATION_LEVEL = 0;
				GCC_PREPROCESSOR_DEFINITIONS = (
					"DEBUG=1",
					"$(inherited)",
				);
				GCC_WARN_64_TO_32_BIT_CONVERSION = YES;
				GCC_WARN_ABOUT_RETURN_TYPE = YES_ERROR;
				GCC_WARN_UNDECLARED_SELECTOR = YES;
				GCC_WARN_UNINITIALIZED_AUTOS = YES_AGGRESSIVE;
				GCC_WARN_UNUSED_FUNCTION = YES;
				GCC_WARN_UNUSED_VARIABLE = YES;
				IPHONEOS_DEPLOYMENT_TARGET = 16.2;
				MTL_ENABLE_DEBUG_INFO = INCLUDE_SOURCE;
				MTL_FAST_MATH = YES;
				ONLY_ACTIVE_ARCH = YES;
				SDKROOT = iphoneos;
				SWIFT_ACTIVE_COMPILATION_CONDITIONS = DEBUG;
				SWIFT_OPTIMIZATION_LEVEL = "-Onone";
			};
			name = Debug;
		};
		EABF9D502A120EBC00F2CDA8 /* Release */ = {
			isa = XCBuildConfiguration;
			buildSettings = {
				ALWAYS_SEARCH_USER_PATHS = NO;
				CLANG_ANALYZER_NONNULL = YES;
				CLANG_ANALYZER_NUMBER_OBJECT_CONVERSION = YES_AGGRESSIVE;
				CLANG_CXX_LANGUAGE_STANDARD = "gnu++20";
				CLANG_ENABLE_MODULES = YES;
				CLANG_ENABLE_OBJC_ARC = YES;
				CLANG_ENABLE_OBJC_WEAK = YES;
				CLANG_WARN_BLOCK_CAPTURE_AUTORELEASING = YES;
				CLANG_WARN_BOOL_CONVERSION = YES;
				CLANG_WARN_COMMA = YES;
				CLANG_WARN_CONSTANT_CONVERSION = YES;
				CLANG_WARN_DEPRECATED_OBJC_IMPLEMENTATIONS = YES;
				CLANG_WARN_DIRECT_OBJC_ISA_USAGE = YES_ERROR;
				CLANG_WARN_DOCUMENTATION_COMMENTS = YES;
				CLANG_WARN_EMPTY_BODY = YES;
				CLANG_WARN_ENUM_CONVERSION = YES;
				CLANG_WARN_INFINITE_RECURSION = YES;
				CLANG_WARN_INT_CONVERSION = YES;
				CLANG_WARN_NON_LITERAL_NULL_CONVERSION = YES;
				CLANG_WARN_OBJC_IMPLICIT_RETAIN_SELF = YES;
				CLANG_WARN_OBJC_LITERAL_CONVERSION = YES;
				CLANG_WARN_OBJC_ROOT_CLASS = YES_ERROR;
				CLANG_WARN_QUOTED_INCLUDE_IN_FRAMEWORK_HEADER = YES;
				CLANG_WARN_RANGE_LOOP_ANALYSIS = YES;
				CLANG_WARN_STRICT_PROTOTYPES = YES;
				CLANG_WARN_SUSPICIOUS_MOVE = YES;
				CLANG_WARN_UNGUARDED_AVAILABILITY = YES_AGGRESSIVE;
				CLANG_WARN_UNREACHABLE_CODE = YES;
				CLANG_WARN__DUPLICATE_METHOD_MATCH = YES;
				COPY_PHASE_STRIP = NO;
				DEBUG_INFORMATION_FORMAT = "dwarf-with-dsym";
				ENABLE_NS_ASSERTIONS = NO;
				ENABLE_STRICT_OBJC_MSGSEND = YES;
				GCC_C_LANGUAGE_STANDARD = gnu11;
				GCC_NO_COMMON_BLOCKS = YES;
				GCC_WARN_64_TO_32_BIT_CONVERSION = YES;
				GCC_WARN_ABOUT_RETURN_TYPE = YES_ERROR;
				GCC_WARN_UNDECLARED_SELECTOR = YES;
				GCC_WARN_UNINITIALIZED_AUTOS = YES_AGGRESSIVE;
				GCC_WARN_UNUSED_FUNCTION = YES;
				GCC_WARN_UNUSED_VARIABLE = YES;
				IPHONEOS_DEPLOYMENT_TARGET = 16.2;
				MTL_ENABLE_DEBUG_INFO = NO;
				MTL_FAST_MATH = YES;
				SDKROOT = iphoneos;
				SWIFT_COMPILATION_MODE = wholemodule;
				SWIFT_OPTIMIZATION_LEVEL = "-O";
				VALIDATE_PRODUCT = YES;
			};
			name = Release;
		};
		EABF9D522A120EBC00F2CDA8 /* Debug */ = {
			isa = XCBuildConfiguration;
			buildSettings = {
				ASSETCATALOG_COMPILER_APPICON_NAME = AppIcon;
				ASSETCATALOG_COMPILER_GLOBAL_ACCENT_COLOR_NAME = AccentColor;
				CODE_SIGN_STYLE = Automatic;
				CURRENT_PROJECT_VERSION = 1;
				DEVELOPMENT_ASSET_PATHS = "\"ISpecialiseringsopgaveMBK/Preview Content\"";
				DEVELOPMENT_TEAM = 87HG8YPB98;
				ENABLE_PREVIEWS = YES;
				GENERATE_INFOPLIST_FILE = YES;
				INFOPLIST_KEY_UIApplicationSceneManifest_Generation = YES;
				INFOPLIST_KEY_UIApplicationSupportsIndirectInputEvents = YES;
				INFOPLIST_KEY_UILaunchScreen_Generation = YES;
				INFOPLIST_KEY_UISupportedInterfaceOrientations_iPad = "UIInterfaceOrientationPortrait UIInterfaceOrientationPortraitUpsideDown UIInterfaceOrientationLandscapeLeft UIInterfaceOrientationLandscapeRight";
				INFOPLIST_KEY_UISupportedInterfaceOrientations_iPhone = "UIInterfaceOrientationPortrait UIInterfaceOrientationLandscapeLeft UIInterfaceOrientationLandscapeRight";
				LD_RUNPATH_SEARCH_PATHS = (
					"$(inherited)",
					"@executable_path/Frameworks",
				);
				MARKETING_VERSION = 1.0;
				PRODUCT_BUNDLE_IDENTIFIER = Kock.Martin.ISpecialiseringsopgaveMBK;
				PRODUCT_NAME = "$(TARGET_NAME)";
				SWIFT_EMIT_LOC_STRINGS = YES;
				SWIFT_VERSION = 5.0;
				TARGETED_DEVICE_FAMILY = "1,2";
			};
			name = Debug;
		};
		EABF9D532A120EBC00F2CDA8 /* Release */ = {
			isa = XCBuildConfiguration;
			buildSettings = {
				ASSETCATALOG_COMPILER_APPICON_NAME = AppIcon;
				ASSETCATALOG_COMPILER_GLOBAL_ACCENT_COLOR_NAME = AccentColor;
				CODE_SIGN_STYLE = Automatic;
				CURRENT_PROJECT_VERSION = 1;
				DEVELOPMENT_ASSET_PATHS = "\"ISpecialiseringsopgaveMBK/Preview Content\"";
				DEVELOPMENT_TEAM = 87HG8YPB98;
				ENABLE_PREVIEWS = YES;
				GENERATE_INFOPLIST_FILE = YES;
				INFOPLIST_KEY_UIApplicationSceneManifest_Generation = YES;
				INFOPLIST_KEY_UIApplicationSupportsIndirectInputEvents = YES;
				INFOPLIST_KEY_UILaunchScreen_Generation = YES;
				INFOPLIST_KEY_UISupportedInterfaceOrientations_iPad = "UIInterfaceOrientationPortrait UIInterfaceOrientationPortraitUpsideDown UIInterfaceOrientationLandscapeLeft UIInterfaceOrientationLandscapeRight";
				INFOPLIST_KEY_UISupportedInterfaceOrientations_iPhone = "UIInterfaceOrientationPortrait UIInterfaceOrientationLandscapeLeft UIInterfaceOrientationLandscapeRight";
				LD_RUNPATH_SEARCH_PATHS = (
					"$(inherited)",
					"@executable_path/Frameworks",
				);
				MARKETING_VERSION = 1.0;
				PRODUCT_BUNDLE_IDENTIFIER = Kock.Martin.ISpecialiseringsopgaveMBK;
				PRODUCT_NAME = "$(TARGET_NAME)";
				SWIFT_EMIT_LOC_STRINGS = YES;
				SWIFT_VERSION = 5.0;
				TARGETED_DEVICE_FAMILY = "1,2";
			};
			name = Release;
		};
/* End XCBuildConfiguration section */

/* Begin XCConfigurationList section */
		EABF9D3E2A120EBB00F2CDA8 /* Build configuration list for PBXProject "ISpecialiseringsopgaveMBK" */ = {
			isa = XCConfigurationList;
			buildConfigurations = (
				EABF9D4F2A120EBC00F2CDA8 /* Debug */,
				EABF9D502A120EBC00F2CDA8 /* Release */,
			);
			defaultConfigurationIsVisible = 0;
			defaultConfigurationName = Release;
		};
		EABF9D512A120EBC00F2CDA8 /* Build configuration list for PBXNativeTarget "ISpecialiseringsopgaveMBK" */ = {
			isa = XCConfigurationList;
			buildConfigurations = (
				EABF9D522A120EBC00F2CDA8 /* Debug */,
				EABF9D532A120EBC00F2CDA8 /* Release */,
			);
			defaultConfigurationIsVisible = 0;
			defaultConfigurationName = Release;
		};
/* End XCConfigurationList section */
	};
	rootObject = EABF9D3B2A120EBB00F2CDA8 /* Project object */;
}
